// !$*UTF8*$!
{
	archiveVersion = 1;
	classes = {
	};
	objectVersion = 46;
	objects = {

/* Begin PBXBuildFile section */
		7689B3BD1E67D3750073D01E /* main.m in Sources */ = {isa = PBXBuildFile; fileRef = 7689B3BC1E67D3750073D01E /* main.m */; };
		7689B3C01E67D3750073D01E /* AppDelegate.m in Sources */ = {isa = PBXBuildFile; fileRef = 7689B3BF1E67D3750073D01E /* AppDelegate.m */; };
		7689B3C31E67D3750073D01E /* ViewController.m in Sources */ = {isa = PBXBuildFile; fileRef = 7689B3C21E67D3750073D01E /* ViewController.m */; };
		7689B3C61E67D3750073D01E /* Main.storyboard in Resources */ = {isa = PBXBuildFile; fileRef = 7689B3C41E67D3750073D01E /* Main.storyboard */; };
		7689B3C81E67D3750073D01E /* Assets.xcassets in Resources */ = {isa = PBXBuildFile; fileRef = 7689B3C71E67D3750073D01E /* Assets.xcassets */; };
		7689B3CB1E67D3750073D01E /* LaunchScreen.storyboard in Resources */ = {isa = PBXBuildFile; fileRef = 7689B3C91E67D3750073D01E /* LaunchScreen.storyboard */; };
		7689B3D61E67D3750073D01E /* AbstractFactoryPatternTests.m in Sources */ = {isa = PBXBuildFile; fileRef = 7689B3D51E67D3750073D01E /* AbstractFactoryPatternTests.m */; };
		7689B3E11E67D3750073D01E /* AbstractFactoryPatternUITests.m in Sources */ = {isa = PBXBuildFile; fileRef = 7689B3E01E67D3750073D01E /* AbstractFactoryPatternUITests.m */; };
		7689B3F71E67D39A0073D01E /* BaseWatch.m in Sources */ = {isa = PBXBuildFile; fileRef = 7689B3F21E67D39A0073D01E /* BaseWatch.m */; };
		7689B3F81E67D39A0073D01E /* IWatch.m in Sources */ = {isa = PBXBuildFile; fileRef = 7689B3F41E67D39A0073D01E /* IWatch.m */; };
		7689B3F91E67D39A0073D01E /* AndroidWatch.m in Sources */ = {isa = PBXBuildFile; fileRef = 7689B3F61E67D39A0073D01E /* AndroidWatch.m */; };
		7689B4001E67D3A40073D01E /* BasePhone.m in Sources */ = {isa = PBXBuildFile; fileRef = 7689B3FB1E67D3A40073D01E /* BasePhone.m */; };
		7689B4011E67D3A40073D01E /* IPhone.m in Sources */ = {isa = PBXBuildFile; fileRef = 7689B3FD1E67D3A40073D01E /* IPhone.m */; };
		7689B4021E67D3A40073D01E /* Android.m in Sources */ = {isa = PBXBuildFile; fileRef = 7689B3FF1E67D3A40073D01E /* Android.m */; };
		7689B4091E67D3AB0073D01E /* BaseFactory.m in Sources */ = {isa = PBXBuildFile; fileRef = 7689B4041E67D3AB0073D01E /* BaseFactory.m */; };
		7689B40A1E67D3AB0073D01E /* AppleFactory.m in Sources */ = {isa = PBXBuildFile; fileRef = 7689B4061E67D3AB0073D01E /* AppleFactory.m */; };
		7689B40B1E67D3AB0073D01E /* GoogleFactory.m in Sources */ = {isa = PBXBuildFile; fileRef = 7689B4081E67D3AB0073D01E /* GoogleFactory.m */; };
		7689B40E1E67D3B30073D01E /* FactoryManager.m in Sources */ = {isa = PBXBuildFile; fileRef = 7689B40D1E67D3B30073D01E /* FactoryManager.m */; };
/* End PBXBuildFile section */

/* Begin PBXContainerItemProxy section */
		7689B3D21E67D3750073D01E /* PBXContainerItemProxy */ = {
			isa = PBXContainerItemProxy;
			containerPortal = 7689B3B01E67D3750073D01E /* Project object */;
			proxyType = 1;
			remoteGlobalIDString = 7689B3B71E67D3750073D01E;
			remoteInfo = AbstractFactoryPattern;
		};
		7689B3DD1E67D3750073D01E /* PBXContainerItemProxy */ = {
			isa = PBXContainerItemProxy;
			containerPortal = 7689B3B01E67D3750073D01E /* Project object */;
			proxyType = 1;
			remoteGlobalIDString = 7689B3B71E67D3750073D01E;
			remoteInfo = AbstractFactoryPattern;
		};
/* End PBXContainerItemProxy section */

/* Begin PBXFileReference section */
		7689B3B81E67D3750073D01E /* AbstractFactoryPattern.app */ = {isa = PBXFileReference; explicitFileType = wrapper.application; includeInIndex = 0; path = AbstractFactoryPattern.app; sourceTree = BUILT_PRODUCTS_DIR; };
		7689B3BC1E67D3750073D01E /* main.m */ = {isa = PBXFileReference; lastKnownFileType = sourcecode.c.objc; path = main.m; sourceTree = "<group>"; };
		7689B3BE1E67D3750073D01E /* AppDelegate.h */ = {isa = PBXFileReference; lastKnownFileType = sourcecode.c.h; path = AppDelegate.h; sourceTree = "<group>"; };
		7689B3BF1E67D3750073D01E /* AppDelegate.m */ = {isa = PBXFileReference; lastKnownFileType = sourcecode.c.objc; path = AppDelegate.m; sourceTree = "<group>"; };
		7689B3C11E67D3750073D01E /* ViewController.h */ = {isa = PBXFileReference; lastKnownFileType = sourcecode.c.h; path = ViewController.h; sourceTree = "<group>"; };
		7689B3C21E67D3750073D01E /* ViewController.m */ = {isa = PBXFileReference; lastKnownFileType = sourcecode.c.objc; path = ViewController.m; sourceTree = "<group>"; };
		7689B3C51E67D3750073D01E /* Base */ = {isa = PBXFileReference; lastKnownFileType = file.storyboard; name = Base; path = Base.lproj/Main.storyboard; sourceTree = "<group>"; };
		7689B3C71E67D3750073D01E /* Assets.xcassets */ = {isa = PBXFileReference; lastKnownFileType = folder.assetcatalog; path = Assets.xcassets; sourceTree = "<group>"; };
		7689B3CA1E67D3750073D01E /* Base */ = {isa = PBXFileReference; lastKnownFileType = file.storyboard; name = Base; path = Base.lproj/LaunchScreen.storyboard; sourceTree = "<group>"; };
		7689B3CC1E67D3750073D01E /* Info.plist */ = {isa = PBXFileReference; lastKnownFileType = text.plist.xml; path = Info.plist; sourceTree = "<group>"; };
		7689B3D11E67D3750073D01E /* AbstractFactoryPatternTests.xctest */ = {isa = PBXFileReference; explicitFileType = wrapper.cfbundle; includeInIndex = 0; path = AbstractFactoryPatternTests.xctest; sourceTree = BUILT_PRODUCTS_DIR; };
		7689B3D51E67D3750073D01E /* AbstractFactoryPatternTests.m */ = {isa = PBXFileReference; lastKnownFileType = sourcecode.c.objc; path = AbstractFactoryPatternTests.m; sourceTree = "<group>"; };
		7689B3D71E67D3750073D01E /* Info.plist */ = {isa = PBXFileReference; lastKnownFileType = text.plist.xml; path = Info.plist; sourceTree = "<group>"; };
		7689B3DC1E67D3750073D01E /* AbstractFactoryPatternUITests.xctest */ = {isa = PBXFileReference; explicitFileType = wrapper.cfbundle; includeInIndex = 0; path = AbstractFactoryPatternUITests.xctest; sourceTree = BUILT_PRODUCTS_DIR; };
		7689B3E01E67D3750073D01E /* AbstractFactoryPatternUITests.m */ = {isa = PBXFileReference; lastKnownFileType = sourcecode.c.objc; path = AbstractFactoryPatternUITests.m; sourceTree = "<group>"; };
		7689B3E21E67D3750073D01E /* Info.plist */ = {isa = PBXFileReference; lastKnownFileType = text.plist.xml; path = Info.plist; sourceTree = "<group>"; };
		7689B3F11E67D39A0073D01E /* BaseWatch.h */ = {isa = PBXFileReference; fileEncoding = 4; lastKnownFileType = sourcecode.c.h; path = BaseWatch.h; sourceTree = "<group>"; };
		7689B3F21E67D39A0073D01E /* BaseWatch.m */ = {isa = PBXFileReference; fileEncoding = 4; lastKnownFileType = sourcecode.c.objc; path = BaseWatch.m; sourceTree = "<group>"; };
		7689B3F31E67D39A0073D01E /* IWatch.h */ = {isa = PBXFileReference; fileEncoding = 4; lastKnownFileType = sourcecode.c.h; path = IWatch.h; sourceTree = "<group>"; };
		7689B3F41E67D39A0073D01E /* IWatch.m */ = {isa = PBXFileReference; fileEncoding = 4; lastKnownFileType = sourcecode.c.objc; path = IWatch.m; sourceTree = "<group>"; };
		7689B3F51E67D39A0073D01E /* AndroidWatch.h */ = {isa = PBXFileReference; fileEncoding = 4; lastKnownFileType = sourcecode.c.h; path = AndroidWatch.h; sourceTree = "<group>"; };
		7689B3F61E67D39A0073D01E /* AndroidWatch.m */ = {isa = PBXFileReference; fileEncoding = 4; lastKnownFileType = sourcecode.c.objc; path = AndroidWatch.m; sourceTree = "<group>"; };
		7689B3FA1E67D3A40073D01E /* BasePhone.h */ = {isa = PBXFileReference; fileEncoding = 4; lastKnownFileType = sourcecode.c.h; path = BasePhone.h; sourceTree = "<group>"; };
		7689B3FB1E67D3A40073D01E /* BasePhone.m */ = {isa = PBXFileReference; fileEncoding = 4; lastKnownFileType = sourcecode.c.objc; path = BasePhone.m; sourceTree = "<group>"; };
		7689B3FC1E67D3A40073D01E /* IPhone.h */ = {isa = PBXFileReference; fileEncoding = 4; lastKnownFileType = sourcecode.c.h; path = IPhone.h; sourceTree = "<group>"; };
		7689B3FD1E67D3A40073D01E /* IPhone.m */ = {isa = PBXFileReference; fileEncoding = 4; lastKnownFileType = sourcecode.c.objc; path = IPhone.m; sourceTree = "<group>"; };
		7689B3FE1E67D3A40073D01E /* Android.h */ = {isa = PBXFileReference; fileEncoding = 4; lastKnownFileType = sourcecode.c.h; path = Android.h; sourceTree = "<group>"; };
		7689B3FF1E67D3A40073D01E /* Android.m */ = {isa = PBXFileReference; fileEncoding = 4; lastKnownFileType = sourcecode.c.objc; path = Android.m; sourceTree = "<group>"; };
		7689B4031E67D3AB0073D01E /* BaseFactory.h */ = {isa = PBXFileReference; fileEncoding = 4; lastKnownFileType = sourcecode.c.h; path = BaseFactory.h; sourceTree = "<group>"; };
		7689B4041E67D3AB0073D01E /* BaseFactory.m */ = {isa = PBXFileReference; fileEncoding = 4; lastKnownFileType = sourcecode.c.objc; path = BaseFactory.m; sourceTree = "<group>"; };
		7689B4051E67D3AB0073D01E /* AppleFactory.h */ = {isa = PBXFileReference; fileEncoding = 4; lastKnownFileType = sourcecode.c.h; path = AppleFactory.h; sourceTree = "<group>"; };
		7689B4061E67D3AB0073D01E /* AppleFactory.m */ = {isa = PBXFileReference; fileEncoding = 4; lastKnownFileType = sourcecode.c.objc; path = AppleFactory.m; sourceTree = "<group>"; };
		7689B4071E67D3AB0073D01E /* GoogleFactory.h */ = {isa = PBXFileReference; fileEncoding = 4; lastKnownFileType = sourcecode.c.h; path = GoogleFactory.h; sourceTree = "<group>"; };
		7689B4081E67D3AB0073D01E /* GoogleFactory.m */ = {isa = PBXFileReference; fileEncoding = 4; lastKnownFileType = sourcecode.c.objc; path = GoogleFactory.m; sourceTree = "<group>"; };
		7689B40C1E67D3B30073D01E /* FactoryManager.h */ = {isa = PBXFileReference; fileEncoding = 4; lastKnownFileType = sourcecode.c.h; path = FactoryManager.h; sourceTree = "<group>"; };
		7689B40D1E67D3B30073D01E /* FactoryManager.m */ = {isa = PBXFileReference; fileEncoding = 4; lastKnownFileType = sourcecode.c.objc; path = FactoryManager.m; sourceTree = "<group>"; };
		7689B40F1E67D4E80073D01E /* PhoneProtocol.h */ = {isa = PBXFileReference; fileEncoding = 4; lastKnownFileType = sourcecode.c.h; path = PhoneProtocol.h; sourceTree = "<group>"; };
/* End PBXFileReference section */

/* Begin PBXFrameworksBuildPhase section */
		7689B3B51E67D3750073D01E /* Frameworks */ = {
			isa = PBXFrameworksBuildPhase;
			buildActionMask = 2147483647;
			files = (
			);
			runOnlyForDeploymentPostprocessing = 0;
		};
		7689B3CE1E67D3750073D01E /* Frameworks */ = {
			isa = PBXFrameworksBuildPhase;
			buildActionMask = 2147483647;
			files = (
			);
			runOnlyForDeploymentPostprocessing = 0;
		};
		7689B3D91E67D3750073D01E /* Frameworks */ = {
			isa = PBXFrameworksBuildPhase;
			buildActionMask = 2147483647;
			files = (
			);
			runOnlyForDeploymentPostprocessing = 0;
		};
/* End PBXFrameworksBuildPhase section */

/* Begin PBXGroup section */
		7689B3AF1E67D3750073D01E = {
			isa = PBXGroup;
			children = (
				7689B3BA1E67D3750073D01E /* AbstractFactoryPattern */,
				7689B3D41E67D3750073D01E /* AbstractFactoryPatternTests */,
				7689B3DF1E67D3750073D01E /* AbstractFactoryPatternUITests */,
				7689B3B91E67D3750073D01E /* Products */,
			);
			sourceTree = "<group>";
		};
		7689B3B91E67D3750073D01E /* Products */ = {
			isa = PBXGroup;
			children = (
				7689B3B81E67D3750073D01E /* AbstractFactoryPattern.app */,
				7689B3D11E67D3750073D01E /* AbstractFactoryPatternTests.xctest */,
				7689B3DC1E67D3750073D01E /* AbstractFactoryPatternUITests.xctest */,
			);
			name = Products;
			sourceTree = "<group>";
		};
		7689B3BA1E67D3750073D01E /* AbstractFactoryPattern */ = {
			isa = PBXGroup;
			children = (
				7689B3BE1E67D3750073D01E /* AppDelegate.h */,
				7689B3BF1E67D3750073D01E /* AppDelegate.m */,
				7689B3C11E67D3750073D01E /* ViewController.h */,
				7689B3C21E67D3750073D01E /* ViewController.m */,
				7689B40C1E67D3B30073D01E /* FactoryManager.h */,
				7689B40D1E67D3B30073D01E /* FactoryManager.m */,
				7689B3F01E67D3920073D01E /* Factory */,
				7689B3EF1E67D38D0073D01E /* Phone */,
				7689B3EE1E67D3870073D01E /* Watch */,
				7689B3C41E67D3750073D01E /* Main.storyboard */,
				7689B3C71E67D3750073D01E /* Assets.xcassets */,
				7689B3C91E67D3750073D01E /* LaunchScreen.storyboard */,
				7689B3CC1E67D3750073D01E /* Info.plist */,
				7689B3BB1E67D3750073D01E /* Supporting Files */,
			);
			path = AbstractFactoryPattern;
			sourceTree = "<group>";
		};
		7689B3BB1E67D3750073D01E /* Supporting Files */ = {
			isa = PBXGroup;
			children = (
				7689B3BC1E67D3750073D01E /* main.m */,
			);
			name = "Supporting Files";
			sourceTree = "<group>";
		};
		7689B3D41E67D3750073D01E /* AbstractFactoryPatternTests */ = {
			isa = PBXGroup;
			children = (
				7689B3D51E67D3750073D01E /* AbstractFactoryPatternTests.m */,
				7689B3D71E67D3750073D01E /* Info.plist */,
			);
			path = AbstractFactoryPatternTests;
			sourceTree = "<group>";
		};
		7689B3DF1E67D3750073D01E /* AbstractFactoryPatternUITests */ = {
			isa = PBXGroup;
			children = (
				7689B3E01E67D3750073D01E /* AbstractFactoryPatternUITests.m */,
				7689B3E21E67D3750073D01E /* Info.plist */,
			);
			path = AbstractFactoryPatternUITests;
			sourceTree = "<group>";
		};
		7689B3EE1E67D3870073D01E /* Watch */ = {
			isa = PBXGroup;
			children = (
				7689B3F11E67D39A0073D01E /* BaseWatch.h */,
				7689B3F21E67D39A0073D01E /* BaseWatch.m */,
				7689B3F31E67D39A0073D01E /* IWatch.h */,
				7689B3F41E67D39A0073D01E /* IWatch.m */,
				7689B3F51E67D39A0073D01E /* AndroidWatch.h */,
				7689B3F61E67D39A0073D01E /* AndroidWatch.m */,
			);
			path = Watch;
			sourceTree = "<group>";
		};
		7689B3EF1E67D38D0073D01E /* Phone */ = {
			isa = PBXGroup;
			children = (
				7689B3FA1E67D3A40073D01E /* BasePhone.h */,
				7689B3FB1E67D3A40073D01E /* BasePhone.m */,
				7689B3FC1E67D3A40073D01E /* IPhone.h */,
				7689B3FD1E67D3A40073D01E /* IPhone.m */,
				7689B3FE1E67D3A40073D01E /* Android.h */,
				7689B3FF1E67D3A40073D01E /* Android.m */,
				7689B40F1E67D4E80073D01E /* PhoneProtocol.h */,
			);
			path = Phone;
			sourceTree = "<group>";
		};
		7689B3F01E67D3920073D01E /* Factory */ = {
			isa = PBXGroup;
			children = (
				7689B4031E67D3AB0073D01E /* BaseFactory.h */,
				7689B4041E67D3AB0073D01E /* BaseFactory.m */,
				7689B4051E67D3AB0073D01E /* AppleFactory.h */,
				7689B4061E67D3AB0073D01E /* AppleFactory.m */,
				7689B4071E67D3AB0073D01E /* GoogleFactory.h */,
				7689B4081E67D3AB0073D01E /* GoogleFactory.m */,
			);
			path = Factory;
			sourceTree = "<group>";
		};
/* End PBXGroup section */

/* Begin PBXNativeTarget section */
		7689B3B71E67D3750073D01E /* AbstractFactoryPattern */ = {
			isa = PBXNativeTarget;
			buildConfigurationList = 7689B3E51E67D3750073D01E /* Build configuration list for PBXNativeTarget "AbstractFactoryPattern" */;
			buildPhases = (
				7689B3B41E67D3750073D01E /* Sources */,
				7689B3B51E67D3750073D01E /* Frameworks */,
				7689B3B61E67D3750073D01E /* Resources */,
			);
			buildRules = (
			);
			dependencies = (
			);
			name = AbstractFactoryPattern;
			productName = AbstractFactoryPattern;
			productReference = 7689B3B81E67D3750073D01E /* AbstractFactoryPattern.app */;
			productType = "com.apple.product-type.application";
		};
		7689B3D01E67D3750073D01E /* AbstractFactoryPatternTests */ = {
			isa = PBXNativeTarget;
			buildConfigurationList = 7689B3E81E67D3750073D01E /* Build configuration list for PBXNativeTarget "AbstractFactoryPatternTests" */;
			buildPhases = (
				7689B3CD1E67D3750073D01E /* Sources */,
				7689B3CE1E67D3750073D01E /* Frameworks */,
				7689B3CF1E67D3750073D01E /* Resources */,
			);
			buildRules = (
			);
			dependencies = (
				7689B3D31E67D3750073D01E /* PBXTargetDependency */,
			);
			name = AbstractFactoryPatternTests;
			productName = AbstractFactoryPatternTests;
			productReference = 7689B3D11E67D3750073D01E /* AbstractFactoryPatternTests.xctest */;
			productType = "com.apple.product-type.bundle.unit-test";
		};
		7689B3DB1E67D3750073D01E /* AbstractFactoryPatternUITests */ = {
			isa = PBXNativeTarget;
			buildConfigurationList = 7689B3EB1E67D3750073D01E /* Build configuration list for PBXNativeTarget "AbstractFactoryPatternUITests" */;
			buildPhases = (
				7689B3D81E67D3750073D01E /* Sources */,
				7689B3D91E67D3750073D01E /* Frameworks */,
				7689B3DA1E67D3750073D01E /* Resources */,
			);
			buildRules = (
			);
			dependencies = (
				7689B3DE1E67D3750073D01E /* PBXTargetDependency */,
			);
			name = AbstractFactoryPatternUITests;
			productName = AbstractFactoryPatternUITests;
			productReference = 7689B3DC1E67D3750073D01E /* AbstractFactoryPatternUITests.xctest */;
			productType = "com.apple.product-type.bundle.ui-testing";
		};
/* End PBXNativeTarget section */

/* Begin PBXProject section */
		7689B3B01E67D3750073D01E /* Project object */ = {
			isa = PBXProject;
			attributes = {
				LastUpgradeCheck = 0820;
				ORGANIZATIONNAME = wupeng;
				TargetAttributes = {
					7689B3B71E67D3750073D01E = {
						CreatedOnToolsVersion = 8.2.1;
						ProvisioningStyle = Automatic;
					};
					7689B3D01E67D3750073D01E = {
						CreatedOnToolsVersion = 8.2.1;
						ProvisioningStyle = Automatic;
						TestTargetID = 7689B3B71E67D3750073D01E;
					};
					7689B3DB1E67D3750073D01E = {
						CreatedOnToolsVersion = 8.2.1;
						ProvisioningStyle = Automatic;
						TestTargetID = 7689B3B71E67D3750073D01E;
					};
				};
			};
			buildConfigurationList = 7689B3B31E67D3750073D01E /* Build configuration list for PBXProject "AbstractFactoryPattern" */;
			compatibilityVersion = "Xcode 3.2";
			developmentRegion = English;
			hasScannedForEncodings = 0;
			knownRegions = (
				en,
				Base,
			);
			mainGroup = 7689B3AF1E67D3750073D01E;
			productRefGroup = 7689B3B91E67D3750073D01E /* Products */;
			projectDirPath = "";
			projectRoot = "";
			targets = (
				7689B3B71E67D3750073D01E /* AbstractFactoryPattern */,
				7689B3D01E67D3750073D01E /* AbstractFactoryPatternTests */,
				7689B3DB1E67D3750073D01E /* AbstractFactoryPatternUITests */,
			);
		};
/* End PBXProject section */

/* Begin PBXResourcesBuildPhase section */
		7689B3B61E67D3750073D01E /* Resources */ = {
			isa = PBXResourcesBuildPhase;
			buildActionMask = 2147483647;
			files = (
				7689B3CB1E67D3750073D01E /* LaunchScreen.storyboard in Resources */,
				7689B3C81E67D3750073D01E /* Assets.xcassets in Resources */,
				7689B3C61E67D3750073D01E /* Main.storyboard in Resources */,
			);
			runOnlyForDeploymentPostprocessing = 0;
		};
		7689B3CF1E67D3750073D01E /* Resources */ = {
			isa = PBXResourcesBuildPhase;
			buildActionMask = 2147483647;
			files = (
			);
			runOnlyForDeploymentPostprocessing = 0;
		};
		7689B3DA1E67D3750073D01E /* Resources */ = {
			isa = PBXResourcesBuildPhase;
			buildActionMask = 2147483647;
			files = (
			);
			runOnlyForDeploymentPostprocessing = 0;
		};
/* End PBXResourcesBuildPhase section */

/* Begin PBXSourcesBuildPhase section */
		7689B3B41E67D3750073D01E /* Sources */ = {
			isa = PBXSourcesBuildPhase;
			buildActionMask = 2147483647;
			files = (
				7689B40A1E67D3AB0073D01E /* AppleFactory.m in Sources */,
				7689B4021E67D3A40073D01E /* Android.m in Sources */,
				7689B40E1E67D3B30073D01E /* FactoryManager.m in Sources */,
				7689B3F71E67D39A0073D01E /* BaseWatch.m in Sources */,
				7689B40B1E67D3AB0073D01E /* GoogleFactory.m in Sources */,
				7689B3F91E67D39A0073D01E /* AndroidWatch.m in Sources */,
				7689B3C31E67D3750073D01E /* ViewController.m in Sources */,
				7689B3F81E67D39A0073D01E /* IWatch.m in Sources */,
				7689B3C01E67D3750073D01E /* AppDelegate.m in Sources */,
				7689B3BD1E67D3750073D01E /* main.m in Sources */,
				7689B4011E67D3A40073D01E /* IPhone.m in Sources */,
				7689B4001E67D3A40073D01E /* BasePhone.m in Sources */,
				7689B4091E67D3AB0073D01E /* BaseFactory.m in Sources */,
			);
			runOnlyForDeploymentPostprocessing = 0;
		};
		7689B3CD1E67D3750073D01E /* Sources */ = {
			isa = PBXSourcesBuildPhase;
			buildActionMask = 2147483647;
			files = (
				7689B3D61E67D3750073D01E /* AbstractFactoryPatternTests.m in Sources */,
			);
			runOnlyForDeploymentPostprocessing = 0;
		};
		7689B3D81E67D3750073D01E /* Sources */ = {
			isa = PBXSourcesBuildPhase;
			buildActionMask = 2147483647;
			files = (
				7689B3E11E67D3750073D01E /* AbstractFactoryPatternUITests.m in Sources */,
			);
			runOnlyForDeploymentPostprocessing = 0;
		};
/* End PBXSourcesBuildPhase section */

/* Begin PBXTargetDependency section */
		7689B3D31E67D3750073D01E /* PBXTargetDependency */ = {
			isa = PBXTargetDependency;
			target = 7689B3B71E67D3750073D01E /* AbstractFactoryPattern */;
			targetProxy = 7689B3D21E67D3750073D01E /* PBXContainerItemProxy */;
		};
		7689B3DE1E67D3750073D01E /* PBXTargetDependency */ = {
			isa = PBXTargetDependency;
			target = 7689B3B71E67D3750073D01E /* AbstractFactoryPattern */;
			targetProxy = 7689B3DD1E67D3750073D01E /* PBXContainerItemProxy */;
		};
/* End PBXTargetDependency section */

/* Begin PBXVariantGroup section */
		7689B3C41E67D3750073D01E /* Main.storyboard */ = {
			isa = PBXVariantGroup;
			children = (
				7689B3C51E67D3750073D01E /* Base */,
			);
			name = Main.storyboard;
			sourceTree = "<group>";
		};
		7689B3C91E67D3750073D01E /* LaunchScreen.storyboard */ = {
			isa = PBXVariantGroup;
			children = (
				7689B3CA1E67D3750073D01E /* Base */,
			);
			name = LaunchScreen.storyboard;
			sourceTree = "<group>";
		};
/* End PBXVariantGroup section */

/* Begin XCBuildConfiguration section */
		7689B3E31E67D3750073D01E /* Debug */ = {
			isa = XCBuildConfiguration;
			buildSettings = {
				ALWAYS_SEARCH_USER_PATHS = NO;
				CLANG_ANALYZER_NONNULL = YES;
				CLANG_CXX_LANGUAGE_STANDARD = "gnu++0x";
				CLANG_CXX_LIBRARY = "libc++";
				CLANG_ENABLE_MODULES = YES;
				CLANG_ENABLE_OBJC_ARC = YES;
				CLANG_WARN_BOOL_CONVERSION = YES;
				CLANG_WARN_CONSTANT_CONVERSION = YES;
				CLANG_WARN_DIRECT_OBJC_ISA_USAGE = YES_ERROR;
				CLANG_WARN_DOCUMENTATION_COMMENTS = YES;
				CLANG_WARN_EMPTY_BODY = YES;
				CLANG_WARN_ENUM_CONVERSION = YES;
				CLANG_WARN_INFINITE_RECURSION = YES;
				CLANG_WARN_INT_CONVERSION = YES;
				CLANG_WARN_OBJC_ROOT_CLASS = YES_ERROR;
				CLANG_WARN_SUSPICIOUS_MOVE = YES;
				CLANG_WARN_UNREACHABLE_CODE = YES;
				CLANG_WARN__DUPLICATE_METHOD_MATCH = YES;
				"CODE_SIGN_IDENTITY[sdk=iphoneos*]" = "iPhone Developer";
				COPY_PHASE_STRIP = NO;
				DEBUG_INFORMATION_FORMAT = dwarf;
				ENABLE_STRICT_OBJC_MSGSEND = YES;
				ENABLE_TESTABILITY = YES;
				GCC_C_LANGUAGE_STANDARD = gnu99;
				GCC_DYNAMIC_NO_PIC = NO;
				GCC_NO_COMMON_BLOCKS = YES;
				GCC_OPTIMIZATION_LEVEL = 0;
				GCC_PREPROCESSOR_DEFINITIONS = (
					"DEBUG=1",
					"$(inherited)",
				);
				GCC_WARN_64_TO_32_BIT_CONVERSION = YES;
				GCC_WARN_ABOUT_RETURN_TYPE = YES_ERROR;
				GCC_WARN_UNDECLARED_SELECTOR = YES;
				GCC_WARN_UNINITIALIZED_AUTOS = YES_AGGRESSIVE;
				GCC_WARN_UNUSED_FUNCTION = YES;
				GCC_WARN_UNUSED_VARIABLE = YES;
				IPHONEOS_DEPLOYMENT_TARGET = 10.2;
				MTL_ENABLE_DEBUG_INFO = YES;
				ONLY_ACTIVE_ARCH = YES;
				SDKROOT = iphoneos;
			};
			name = Debug;
		};
		7689B3E41E67D3750073D01E /* Release */ = {
			isa = XCBuildConfiguration;
			buildSettings = {
				ALWAYS_SEARCH_USER_PATHS = NO;
				CLANG_ANALYZER_NONNULL = YES;
				CLANG_CXX_LANGUAGE_STANDARD = "gnu++0x";
				CLANG_CXX_LIBRARY = "libc++";
				CLANG_ENABLE_MODULES = YES;
				CLANG_ENABLE_OBJC_ARC = YES;
				CLANG_WARN_BOOL_CONVERSION = YES;
				CLANG_WARN_CONSTANT_CONVERSION = YES;
				CLANG_WARN_DIRECT_OBJC_ISA_USAGE = YES_ERROR;
				CLANG_WARN_DOCUMENTATION_COMMENTS = YES;
				CLANG_WARN_EMPTY_BODY = YES;
				CLANG_WARN_ENUM_CONVERSION = YES;
				CLANG_WARN_INFINITE_RECURSION = YES;
				CLANG_WARN_INT_CONVERSION = YES;
				CLANG_WARN_OBJC_ROOT_CLASS = YES_ERROR;
				CLANG_WARN_SUSPICIOUS_MOVE = YES;
				CLANG_WARN_UNREACHABLE_CODE = YES;
				CLANG_WARN__DUPLICATE_METHOD_MATCH = YES;
				"CODE_SIGN_IDENTITY[sdk=iphoneos*]" = "iPhone Developer";
				COPY_PHASE_STRIP = NO;
				DEBUG_INFORMATION_FORMAT = "dwarf-with-dsym";
				ENABLE_NS_ASSERTIONS = NO;
				ENABLE_STRICT_OBJC_MSGSEND = YES;
				GCC_C_LANGUAGE_STANDARD = gnu99;
				GCC_NO_COMMON_BLOCKS = YES;
				GCC_WARN_64_TO_32_BIT_CONVERSION = YES;
				GCC_WARN_ABOUT_RETURN_TYPE = YES_ERROR;
				GCC_WARN_UNDECLARED_SELECTOR = YES;
				GCC_WARN_UNINITIALIZED_AUTOS = YES_AGGRESSIVE;
				GCC_WARN_UNUSED_FUNCTION = YES;
				GCC_WARN_UNUSED_VARIABLE = YES;
				IPHONEOS_DEPLOYMENT_TARGET = 10.2;
				MTL_ENABLE_DEBUG_INFO = NO;
				SDKROOT = iphoneos;
				VALIDATE_PRODUCT = YES;
			};
			name = Release;
		};
		7689B3E61E67D3750073D01E /* Debug */ = {
			isa = XCBuildConfiguration;
			buildSettings = {
				ASSETCATALOG_COMPILER_APPICON_NAME = AppIcon;
				INFOPLIST_FILE = AbstractFactoryPattern/Info.plist;
				LD_RUNPATH_SEARCH_PATHS = "$(inherited) @executable_path/Frameworks";
				PRODUCT_BUNDLE_IDENTIFIER = wp.AbstractFactoryPattern;
				PRODUCT_NAME = "$(TARGET_NAME)";
			};
			name = Debug;
		};
		7689B3E71E67D3750073D01E /* Release */ = {
			isa = XCBuildConfiguration;
			buildSettings = {
				ASSETCATALOG_COMPILER_APPICON_NAME = AppIcon;
				INFOPLIST_FILE = AbstractFactoryPattern/Info.plist;
				LD_RUNPATH_SEARCH_PATHS = "$(inherited) @executable_path/Frameworks";
				PRODUCT_BUNDLE_IDENTIFIER = wp.AbstractFactoryPattern;
				PRODUCT_NAME = "$(TARGET_NAME)";
			};
			name = Release;
		};
		7689B3E91E67D3750073D01E /* Debug */ = {
			isa = XCBuildConfiguration;
			buildSettings = {
				BUNDLE_LOADER = "$(TEST_HOST)";
				INFOPLIST_FILE = AbstractFactoryPatternTests/Info.plist;
				LD_RUNPATH_SEARCH_PATHS = "$(inherited) @executable_path/Frameworks @loader_path/Frameworks";
				PRODUCT_BUNDLE_IDENTIFIER = wp.AbstractFactoryPatternTests;
				PRODUCT_NAME = "$(TARGET_NAME)";
				TEST_HOST = "$(BUILT_PRODUCTS_DIR)/AbstractFactoryPattern.app/AbstractFactoryPattern";
			};
			name = Debug;
		};
		7689B3EA1E67D3750073D01E /* Release */ = {
			isa = XCBuildConfiguration;
			buildSettings = {
				BUNDLE_LOADER = "$(TEST_HOST)";
				INFOPLIST_FILE = AbstractFactoryPatternTests/Info.plist;
				LD_RUNPATH_SEARCH_PATHS = "$(inherited) @executable_path/Frameworks @loader_path/Frameworks";
				PRODUCT_BUNDLE_IDENTIFIER = wp.AbstractFactoryPatternTests;
				PRODUCT_NAME = "$(TARGET_NAME)";
				TEST_HOST = "$(BUILT_PRODUCTS_DIR)/AbstractFactoryPattern.app/AbstractFactoryPattern";
			};
			name = Release;
		};
		7689B3EC1E67D3750073D01E /* Debug */ = {
			isa = XCBuildConfiguration;
			buildSettings = {
				INFOPLIST_FILE = AbstractFactoryPatternUITests/Info.plist;
				LD_RUNPATH_SEARCH_PATHS = "$(inherited) @executable_path/Frameworks @loader_path/Frameworks";
				PRODUCT_BUNDLE_IDENTIFIER = wp.AbstractFactoryPatternUITests;
				PRODUCT_NAME = "$(TARGET_NAME)";
				TEST_TARGET_NAME = AbstractFactoryPattern;
			};
			name = Debug;
		};
		7689B3ED1E67D3750073D01E /* Release */ = {
			isa = XCBuildConfiguration;
			buildSettings = {
				INFOPLIST_FILE = AbstractFactoryPatternUITests/Info.plist;
				LD_RUNPATH_SEARCH_PATHS = "$(inherited) @executable_path/Frameworks @loader_path/Frameworks";
				PRODUCT_BUNDLE_IDENTIFIER = wp.AbstractFactoryPatternUITests;
				PRODUCT_NAME = "$(TARGET_NAME)";
				TEST_TARGET_NAME = AbstractFactoryPattern;
			};
			name = Release;
		};
/* End XCBuildConfiguration section */

/* Begin XCConfigurationList section */
		7689B3B31E67D3750073D01E /* Build configuration list for PBXProject "AbstractFactoryPattern" */ = {
			isa = XCConfigurationList;
			buildConfigurations = (
				7689B3E31E67D3750073D01E /* Debug */,
				7689B3E41E67D3750073D01E /* Release */,
			);
			defaultConfigurationIsVisible = 0;
			defaultConfigurationName = Release;
		};
		7689B3E51E67D3750073D01E /* Build configuration list for PBXNativeTarget "AbstractFactoryPattern" */ = {
			isa = XCConfigurationList;
			buildConfigurations = (
				7689B3E61E67D3750073D01E /* Debug */,
				7689B3E71E67D3750073D01E /* Release */,
			);
			defaultConfigurationIsVisible = 0;
		};
		7689B3E81E67D3750073D01E /* Build configuration list for PBXNativeTarget "AbstractFactoryPatternTests" */ = {
			isa = XCConfigurationList;
			buildConfigurations = (
				7689B3E91E67D3750073D01E /* Debug */,
				7689B3EA1E67D3750073D01E /* Release */,
			);
			defaultConfigurationIsVisible = 0;
		};
		7689B3EB1E67D3750073D01E /* Build configuration list for PBXNativeTarget "AbstractFactoryPatternUITests" */ = {
			isa = XCConfigurationList;
			buildConfigurations = (
				7689B3EC1E67D3750073D01E /* Debug */,
				7689B3ED1E67D3750073D01E /* Release */,
			);
			defaultConfigurationIsVisible = 0;
		};
/* End XCConfigurationList section */
	};
	rootObject = 7689B3B01E67D3750073D01E /* Project object */;
}
